
Microsoft Visual Studio Solution File, Format Version 12.00
# Visual Studio Version 17
VisualStudioVersion = 17.0.31903.59
MinimumVisualStudioVersion = 10.0.40219.1
Project("{FAE04EC0-301F-11D3-BF4B-00C04F79EFBC}") = "AgendaMvcProject", "AgendaMvcProject\AgendaMvcProject.csproj", "{5EC434DC-B2A6-4E65-97CE-F5DC74259F6A}"
EndProject
Project("{FAE04EC0-301F-11D3-BF4B-00C04F79EFBC}") = "Application", "Application\Application.csproj", "{D9586648-5101-430D-89F3-8EEB49E854DA}"
EndProject
Project("{FAE04EC0-301F-11D3-BF4B-00C04F79EFBC}") = "Data", "Data\Data.csproj", "{1F618D49-2A20-4FB3-B782-3E8BB21ED938}"
EndProject
Project("{FAE04EC0-301F-11D3-BF4B-00C04F79EFBC}") = "Domain", "Domain\Domain.csproj", "{EC7E457B-9A88-423F-8058-44AA6D40F188}"
EndProject
Project("{FAE04EC0-301F-11D3-BF4B-00C04F79EFBC}") = "IoC", "IoC\IoC.csproj", "{395E0DBA-F92D-4255-90C9-DF5B8D33EB2F}"
EndProject
Global
	GlobalSection(SolutionConfigurationPlatforms) = preSolution
		Debug|Any CPU = Debug|Any CPU
		Release|Any CPU = Release|Any CPU
	EndGlobalSection
	GlobalSection(SolutionProperties) = preSolution
		HideSolutionNode = FALSE
	EndGlobalSection
	GlobalSection(ProjectConfigurationPlatforms) = postSolution
		{5EC434DC-B2A6-4E65-97CE-F5DC74259F6A}.Debug|Any CPU.ActiveCfg = Debug|Any CPU
		{5EC434DC-B2A6-4E65-97CE-F5DC74259F6A}.Debug|Any CPU.Build.0 = Debug|Any CPU
		{5EC434DC-B2A6-4E65-97CE-F5DC74259F6A}.Release|Any CPU.ActiveCfg = Release|Any CPU
		{5EC434DC-B2A6-4E65-97CE-F5DC74259F6A}.Release|Any CPU.Build.0 = Release|Any CPU
		{D9586648-5101-430D-89F3-8EEB49E854DA}.Debug|Any CPU.ActiveCfg = Debug|Any CPU
		{D9586648-5101-430D-89F3-8EEB49E854DA}.Debug|Any CPU.Build.0 = Debug|Any CPU
		{D9586648-5101-430D-89F3-8EEB49E854DA}.Release|Any CPU.ActiveCfg = Release|Any CPU
		{D9586648-5101-430D-89F3-8EEB49E854DA}.Release|Any CPU.Build.0 = Release|Any CPU
		{1F618D49-2A20-4FB3-B782-3E8BB21ED938}.Debug|Any CPU.ActiveCfg = Debug|Any CPU
		{1F618D49-2A20-4FB3-B782-3E8BB21ED938}.Debug|Any CPU.Build.0 = Debug|Any CPU
		{1F618D49-2A20-4FB3-B782-3E8BB21ED938}.Release|Any CPU.ActiveCfg = Release|Any CPU
		{1F618D49-2A20-4FB3-B782-3E8BB21ED938}.Release|Any CPU.Build.0 = Release|Any CPU
		{EC7E457B-9A88-423F-8058-44AA6D40F188}.Debug|Any CPU.ActiveCfg = Debug|Any CPU
		{EC7E457B-9A88-423F-8058-44AA6D40F188}.Debug|Any CPU.Build.0 = Debug|Any CPU
		{EC7E457B-9A88-423F-8058-44AA6D40F188}.Release|Any CPU.ActiveCfg = Release|Any CPU
		{EC7E457B-9A88-423F-8058-44AA6D40F188}.Release|Any CPU.Build.0 = Release|Any CPU
		{395E0DBA-F92D-4255-90C9-DF5B8D33EB2F}.Debug|Any CPU.ActiveCfg = Debug|Any CPU
		{395E0DBA-F92D-4255-90C9-DF5B8D33EB2F}.Debug|Any CPU.Build.0 = Debug|Any CPU
		{395E0DBA-F92D-4255-90C9-DF5B8D33EB2F}.Release|Any CPU.ActiveCfg = Release|Any CPU
		{395E0DBA-F92D-4255-90C9-DF5B8D33EB2F}.Release|Any CPU.Build.0 = Release|Any CPU
	EndGlobalSection
EndGlobal
